# This file is automatically @generated by Cargo.
# It is not intended for manual editing.
[[package]]
name = "azul"
version = "0.1.0"
source = "registry+https://github.com/rust-lang/crates.io-index"

[[package]]
name = "azul_hello"
version = "0.1.0"
dependencies = [
 "azul 0.1.0 (registry+https://github.com/rust-lang/crates.io-index)",
]

[metadata]
"checksum azul 0.1.0 (registry+https://github.com/rust-lang/crates.io-index)" = "18fb4e58c0e0b008e7c9f6c88283e35a7e55c765bbfd43c4e5cddf4b87b68758"
